// !$*UTF8*$!
{
	archiveVersion = 1;
	classes = {
	};
	objectVersion = 50;
	objects = {

/* Begin PBXBuildFile section */
		15D4571620EF48C2008D1199 /* AppDelegate.swift in Sources */ = {isa = PBXBuildFile; fileRef = 15D4571520EF48C2008D1199 /* AppDelegate.swift */; };
		15D4571820EF48C2008D1199 /* RegitserViewController.swift in Sources */ = {isa = PBXBuildFile; fileRef = 15D4571720EF48C2008D1199 /* RegitserViewController.swift */; };
		15D4571B20EF48C2008D1199 /* Main.storyboard in Resources */ = {isa = PBXBuildFile; fileRef = 15D4571920EF48C2008D1199 /* Main.storyboard */; };
		15D4571D20EF48C5008D1199 /* Assets.xcassets in Resources */ = {isa = PBXBuildFile; fileRef = 15D4571C20EF48C5008D1199 /* Assets.xcassets */; };
		15D4572020EF48C5008D1199 /* LaunchScreen.storyboard in Resources */ = {isa = PBXBuildFile; fileRef = 15D4571E20EF48C5008D1199 /* LaunchScreen.storyboard */; };
		15D4572820EF4B65008D1199 /* UIview+Extention.swift in Sources */ = {isa = PBXBuildFile; fileRef = 15D4572720EF4B65008D1199 /* UIview+Extention.swift */; };
/* End PBXBuildFile section */

/* Begin PBXFileReference section */
		15D4571220EF48C2008D1199 /* PetVet.app */ = {isa = PBXFileReference; explicitFileType = wrapper.application; includeInIndex = 0; path = PetVet.app; sourceTree = BUILT_PRODUCTS_DIR; };
		15D4571520EF48C2008D1199 /* AppDelegate.swift */ = {isa = PBXFileReference; lastKnownFileType = sourcecode.swift; path = AppDelegate.swift; sourceTree = "<group>"; };
		15D4571720EF48C2008D1199 /* RegitserViewController.swift */ = {isa = PBXFileReference; lastKnownFileType = sourcecode.swift; path = RegitserViewController.swift; sourceTree = "<group>"; };
		15D4571A20EF48C2008D1199 /* Base */ = {isa = PBXFileReference; lastKnownFileType = file.storyboard; name = Base; path = Base.lproj/Main.storyboard; sourceTree = "<group>"; };
		15D4571C20EF48C5008D1199 /* Assets.xcassets */ = {isa = PBXFileReference; lastKnownFileType = folder.assetcatalog; path = Assets.xcassets; sourceTree = "<group>"; };
		15D4571F20EF48C5008D1199 /* Base */ = {isa = PBXFileReference; lastKnownFileType = file.storyboard; name = Base; path = Base.lproj/LaunchScreen.storyboard; sourceTree = "<group>"; };
		15D4572120EF48C5008D1199 /* Info.plist */ = {isa = PBXFileReference; lastKnownFileType = text.plist.xml; path = Info.plist; sourceTree = "<group>"; };
		15D4572720EF4B65008D1199 /* UIview+Extention.swift */ = {isa = PBXFileReference; lastKnownFileType = sourcecode.swift; path = "UIview+Extention.swift"; sourceTree = "<group>"; };
/* End PBXFileReference section */

/* Begin PBXFrameworksBuildPhase section */
		15D4570F20EF48C2008D1199 /* Frameworks */ = {
			isa = PBXFrameworksBuildPhase;
			buildActionMask = 2147483647;
			files = (
			);
			runOnlyForDeploymentPostprocessing = 0;
		};
/* End PBXFrameworksBuildPhase section */

/* Begin PBXGroup section */
		15D4570920EF48C2008D1199 = {
			isa = PBXGroup;
			children = (
				15D4571420EF48C2008D1199 /* PetVet */,
				15D4571320EF48C2008D1199 /* Products */,
			);
			sourceTree = "<group>";
		};
		15D4571320EF48C2008D1199 /* Products */ = {
			isa = PBXGroup;
			children = (
				15D4571220EF48C2008D1199 /* PetVet.app */,
			);
			name = Products;
			sourceTree = "<group>";
		};
		15D4571420EF48C2008D1199 /* PetVet */ = {
			isa = PBXGroup;
			children = (
				15D4571520EF48C2008D1199 /* AppDelegate.swift */,
				15D4571720EF48C2008D1199 /* RegitserViewController.swift */,
				15D4571920EF48C2008D1199 /* Main.storyboard */,
				15D4571C20EF48C5008D1199 /* Assets.xcassets */,
				15D4571E20EF48C5008D1199 /* LaunchScreen.storyboard */,
				15D4572120EF48C5008D1199 /* Info.plist */,
				15D4572720EF4B65008D1199 /* UIview+Extention.swift */,
			);
			path = PetVet;
			sourceTree = "<group>";
		};
/* End PBXGroup section */

/* Begin PBXNativeTarget section */
		15D4571120EF48C2008D1199 /* PetVet */ = {
			isa = PBXNativeTarget;
			buildConfigurationList = 15D4572420EF48C5008D1199 /* Build configuration list for PBXNativeTarget "PetVet" */;
			buildPhases = (
				15D4570E20EF48C2008D1199 /* Sources */,
				15D4570F20EF48C2008D1199 /* Frameworks */,
				15D4571020EF48C2008D1199 /* Resources */,
			);
			buildRules = (
			);
			dependencies = (
			);
			name = PetVet;
			productName = life;
			productReference = 15D4571220EF48C2008D1199 /* PetVet.app */;
			productType = "com.apple.product-type.application";
		};
/* End PBXNativeTarget section */

/* Begin PBXProject section */
		15D4570A20EF48C2008D1199 /* Project object */ = {
			isa = PBXProject;
			attributes = {
				LastSwiftUpdateCheck = 0940;
				LastUpgradeCheck = 0940;
				ORGANIZATIONNAME = "Ahmed Sahib";
				TargetAttributes = {
					15D4571120EF48C2008D1199 = {
						CreatedOnToolsVersion = 9.4.1;
					};
				};
			};
			buildConfigurationList = 15D4570D20EF48C2008D1199 /* Build configuration list for PBXProject "PetVet" */;
			compatibilityVersion = "Xcode 9.3";
			developmentRegion = en;
			hasScannedForEncodings = 0;
			knownRegions = (
				en,
				Base,
			);
			mainGroup = 15D4570920EF48C2008D1199;
			productRefGroup = 15D4571320EF48C2008D1199 /* Products */;
			projectDirPath = "";
			projectRoot = "";
			targets = (
				15D4571120EF48C2008D1199 /* PetVet */,
			);
		};
/* End PBXProject section */

/* Begin PBXResourcesBuildPhase section */
		15D4571020EF48C2008D1199 /* Resources */ = {
			isa = PBXResourcesBuildPhase;
			buildActionMask = 2147483647;
			files = (
				15D4572020EF48C5008D1199 /* LaunchScreen.storyboard in Resources */,
				15D4571D20EF48C5008D1199 /* Assets.xcassets in Resources */,
				15D4571B20EF48C2008D1199 /* Main.storyboard in Resources */,
			);
			runOnlyForDeploymentPostprocessing = 0;
		};
/* End PBXResourcesBuildPhase section */

/* Begin PBXSourcesBuildPhase section */
		15D4570E20EF48C2008D1199 /* Sources */ = {
			isa = PBXSourcesBuildPhase;
			buildActionMask = 2147483647;
			files = (
				15D4571820EF48C2008D1199 /* RegitserViewController.swift in Sources */,
				15D4572820EF4B65008D1199 /* UIview+Extention.swift in Sources */,
				15D4571620EF48C2008D1199 /* AppDelegate.swift in Sources */,
			);
			runOnlyForDeploymentPostprocessing = 0;
		};
/* End PBXSourcesBuildPhase section */

/* Begin PBXVariantGroup section */
		15D4571920EF48C2008D1199 /* Main.storyboard */ = {
			isa = PBXVariantGroup;
			children = (
				15D4571A20EF48C2008D1199 /* Base */,
			);
			name = Main.storyboard;
			sourceTree = "<group>";
		};
		15D4571E20EF48C5008D1199 /* LaunchScreen.storyboard */ = {
			isa = PBXVariantGroup;
			children = (
				15D4571F20EF48C5008D1199 /* Base */,
			);
			name = LaunchScreen.storyboard;
			sourceTree = "<group>";
		};
/* End PBXVariantGroup section */

/* Begin XCBuildConfiguration section */
		15D4572220EF48C5008D1199 /* Debug */ = {
			isa = XCBuildConfiguration;
			buildSettings = {
				ALWAYS_SEARCH_USER_PATHS = NO;
				CLANG_ANALYZER_NONNULL = YES;
				CLANG_ANALYZER_NUMBER_OBJECT_CONVERSION = YES_AGGRESSIVE;
				CLANG_CXX_LANGUAGE_STANDARD = "gnu++14";
				CLANG_CXX_LIBRARY = "libc++";
				CLANG_ENABLE_MODULES = YES;
				CLANG_ENABLE_OBJC_ARC = YES;
				CLANG_ENABLE_OBJC_WEAK = YES;
				CLANG_WARN_BLOCK_CAPTURE_AUTORELEASING = YES;
				CLANG_WARN_BOOL_CONVERSION = YES;
				CLANG_WARN_COMMA = YES;
				CLANG_WARN_CONSTANT_CONVERSION = YES;
				CLANG_WARN_DEPRECATED_OBJC_IMPLEMENTATIONS = YES;
				CLANG_WARN_DIRECT_OBJC_ISA_USAGE = YES_ERROR;
				CLANG_WARN_DOCUMENTATION_COMMENTS = YES;
				CLANG_WARN_EMPTY_BODY = YES;
				CLANG_WARN_ENUM_CONVERSION = YES;
				CLANG_WARN_INFINITE_RECURSION = YES;
				CLANG_WARN_INT_CONVERSION = YES;
				CLANG_WARN_NON_LITERAL_NULL_CONVERSION = YES;
				CLANG_WARN_OBJC_IMPLICIT_RETAIN_SELF = YES;
				CLANG_WARN_OBJC_LITERAL_CONVERSION = YES;
				CLANG_WARN_OBJC_ROOT_CLASS = YES_ERROR;
				CLANG_WARN_RANGE_LOOP_ANALYSIS = YES;
				CLANG_WARN_STRICT_PROTOTYPES = YES;
				CLANG_WARN_SUSPICIOUS_MOVE = YES;
				CLANG_WARN_UNGUARDED_AVAILABILITY = YES_AGGRESSIVE;
				CLANG_WARN_UNREACHABLE_CODE = YES;
				CLANG_WARN__DUPLICATE_METHOD_MATCH = YES;
				CODE_SIGN_IDENTITY = "iPhone Developer";
				COPY_PHASE_STRIP = NO;
				DEBUG_INFORMATION_FORMAT = dwarf;
				ENABLE_STRICT_OBJC_MSGSEND = YES;
				ENABLE_TESTABILITY = YES;
				GCC_C_LANGUAGE_STANDARD = gnu11;
				GCC_DYNAMIC_NO_PIC = NO;
				GCC_NO_COMMON_BLOCKS = YES;
				GCC_OPTIMIZATION_LEVEL = 0;
				GCC_PREPROCESSOR_DEFINITIONS = (
					"DEBUG=1",
					"$(inherited)",
				);
				GCC_WARN_64_TO_32_BIT_CONVERSION = YES;
				GCC_WARN_ABOUT_RETURN_TYPE = YES_ERROR;
				GCC_WARN_UNDECLARED_SELECTOR = YES;
				GCC_WARN_UNINITIALIZED_AUTOS = YES_AGGRESSIVE;
				GCC_WARN_UNUSED_FUNCTION = YES;
				GCC_WARN_UNUSED_VARIABLE = YES;
				IPHONEOS_DEPLOYMENT_TARGET = 11.4;
				MTL_ENABLE_DEBUG_INFO = YES;
				ONLY_ACTIVE_ARCH = YES;
				SDKROOT = iphoneos;
				SWIFT_ACTIVE_COMPILATION_CONDITIONS = DEBUG;
				SWIFT_OPTIMIZATION_LEVEL = "-Onone";
			};
			name = Debug;
		};
		15D4572320EF48C5008D1199 /* Release */ = {
			isa = XCBuildConfiguration;
			buildSettings = {
				ALWAYS_SEARCH_USER_PATHS = NO;
				CLANG_ANALYZER_NONNULL = YES;
				CLANG_ANALYZER_NUMBER_OBJECT_CONVERSION = YES_AGGRESSIVE;
				CLANG_CXX_LANGUAGE_STANDARD = "gnu++14";
				CLANG_CXX_LIBRARY = "libc++";
				CLANG_ENABLE_MODULES = YES;
				CLANG_ENABLE_OBJC_ARC = YES;
				CLANG_ENABLE_OBJC_WEAK = YES;
				CLANG_WARN_BLOCK_CAPTURE_AUTORELEASING = YES;
				CLANG_WARN_BOOL_CONVERSION = YES;
				CLANG_WARN_COMMA = YES;
				CLANG_WARN_CONSTANT_CONVERSION = YES;
				CLANG_WARN_DEPRECATED_OBJC_IMPLEMENTATIONS = YES;
				CLANG_WARN_DIRECT_OBJC_ISA_USAGE = YES_ERROR;
				CLANG_WARN_DOCUMENTATION_COMMENTS = YES;
				CLANG_WARN_EMPTY_BODY = YES;
				CLANG_WARN_ENUM_CONVERSION = YES;
				CLANG_WARN_INFINITE_RECURSION = YES;
				CLANG_WARN_INT_CONVERSION = YES;
				CLANG_WARN_NON_LITERAL_NULL_CONVERSION = YES;
				CLANG_WARN_OBJC_IMPLICIT_RETAIN_SELF = YES;
				CLANG_WARN_OBJC_LITERAL_CONVERSION = YES;
				CLANG_WARN_OBJC_ROOT_CLASS = YES_ERROR;
				CLANG_WARN_RANGE_LOOP_ANALYSIS = YES;
				CLANG_WARN_STRICT_PROTOTYPES = YES;
				CLANG_WARN_SUSPICIOUS_MOVE = YES;
				CLANG_WARN_UNGUARDED_AVAILABILITY = YES_AGGRESSIVE;
				CLANG_WARN_UNREACHABLE_CODE = YES;
				CLANG_WARN__DUPLICATE_METHOD_MATCH = YES;
				CODE_SIGN_IDENTITY = "iPhone Developer";
				COPY_PHASE_STRIP = NO;
				DEBUG_INFORMATION_FORMAT = "dwarf-with-dsym";
				ENABLE_NS_ASSERTIONS = NO;
				ENABLE_STRICT_OBJC_MSGSEND = YES;
				GCC_C_LANGUAGE_STANDARD = gnu11;
				GCC_NO_COMMON_BLOCKS = YES;
				GCC_WARN_64_TO_32_BIT_CONVERSION = YES;
				GCC_WARN_ABOUT_RETURN_TYPE = YES_ERROR;
				GCC_WARN_UNDECLARED_SELECTOR = YES;
				GCC_WARN_UNINITIALIZED_AUTOS = YES_AGGRESSIVE;
				GCC_WARN_UNUSED_FUNCTION = YES;
				GCC_WARN_UNUSED_VARIABLE = YES;
				IPHONEOS_DEPLOYMENT_TARGET = 11.4;
				MTL_ENABLE_DEBUG_INFO = NO;
				SDKROOT = iphoneos;
				SWIFT_COMPILATION_MODE = wholemodule;
				SWIFT_OPTIMIZATION_LEVEL = "-O";
				VALIDATE_PRODUCT = YES;
			};
			name = Release;
		};
		15D4572520EF48C5008D1199 /* Debug */ = {
			isa = XCBuildConfiguration;
			buildSettings = {
				ASSETCATALOG_COMPILER_APPICON_NAME = AppIcon;
				CODE_SIGN_STYLE = Automatic;
				INFOPLIST_FILE = life/Info.plist;
				IPHONEOS_DEPLOYMENT_TARGET = 9.0;
				LD_RUNPATH_SEARCH_PATHS = (
					"$(inherited)",
					"@executable_path/Frameworks",
				);
				PRODUCT_BUNDLE_IDENTIFIER = com.codeclubz.petvet;
				PRODUCT_NAME = "$(TARGET_NAME)";
				SWIFT_VERSION = 4.0;
				TARGETED_DEVICE_FAMILY = "1,2";
			};
			name = Debug;
		};
		15D4572620EF48C5008D1199 /* Release */ = {
			isa = XCBuildConfiguration;
			buildSettings = {
				ASSETCATALOG_COMPILER_APPICON_NAME = AppIcon;
				CODE_SIGN_STYLE = Automatic;
				INFOPLIST_FILE = life/Info.plist;
				IPHONEOS_DEPLOYMENT_TARGET = 9.0;
				LD_RUNPATH_SEARCH_PATHS = (
					"$(inherited)",
					"@executable_path/Frameworks",
				);
				PRODUCT_BUNDLE_IDENTIFIER = com.codeclubz.petvet;
				PRODUCT_NAME = "$(TARGET_NAME)";
				SWIFT_VERSION = 4.0;
				TARGETED_DEVICE_FAMILY = "1,2";
			};
			name = Release;
		};
/* End XCBuildConfiguration section */

/* Begin XCConfigurationList section */
		15D4570D20EF48C2008D1199 /* Build configuration list for PBXProject "PetVet" */ = {
			isa = XCConfigurationList;
			buildConfigurations = (
				15D4572220EF48C5008D1199 /* Debug */,
				15D4572320EF48C5008D1199 /* Release */,
			);
			defaultConfigurationIsVisible = 0;
			defaultConfigurationName = Release;
		};
		15D4572420EF48C5008D1199 /* Build configuration list for PBXNativeTarget "PetVet" */ = {
			isa = XCConfigurationList;
			buildConfigurations = (
				15D4572520EF48C5008D1199 /* Debug */,
				15D4572620EF48C5008D1199 /* Release */,
			);
			defaultConfigurationIsVisible = 0;
			defaultConfigurationName = Release;
		};
/* End XCConfigurationList section */
	};
	rootObject = 15D4570A20EF48C2008D1199 /* Project object */;
}
